# This file was autogenerated by Stack.
# You should not edit this file by hand.
# For more information, please see the documentation at:
#   https://docs.haskellstack.org/en/stable/lock_files

snapshots:
- original: nightly-2020-05-01
  completed:
    sha256: aa48668f6c0d19a05f044e107e69221e9a49fb779f3230a60f0511924ee66f96
    url: https://raw.githubusercontent.com/commercialhaskell/stackage-snapshots/master/nightly/2020/5/1.yaml
    size: 520328
packages:
- original:
    hackage: mysql-haskell-0.8.4.3
  completed:
    pantry-tree:
      sha256: c974f4d4f24bb7e17d633301a442a0a5162d30e163cad618a961d61192b6debc
      size: 1754
    hackage: mysql-haskell-0.8.4.3@sha256:d3ca21ae8cc88670f8adb17c7cacb8bb770f1a58d60b5bff346d1f3fc843d98c,3489
- original:
    hackage: text-1.2.4.0
  completed:
    pantry-tree:
      sha256: 3437b0a73ce2ae1a81aa8b3438d41a85981c00894cdbee0d6d6d6873046a5d5d
      size: 7457
    hackage: text-1.2.4.0@sha256:8c24450feb8e3bbb7ea3e17af24ef57e85db077c4bf53e5bcc345b283d1b1d5b,10081
- original:
    hackage: time-1.9.3
  completed:
    pantry-tree:
      sha256: a1043c1719491764f0fa37a1fd70d9451080548a41632fee88d8e1b8db4942d6
      size: 6558
    hackage: time-1.9.3@sha256:8f1b5448722a12a952248b356c9eb366e351226543d9086a2da71270522d5f45,5679
- original:
    hackage: bytestring-0.10.10.0
  completed:
    pantry-tree:
      sha256: 3705db25ef7caf442697b8e6fc8d5250096c1d8b1908233985773fe0c0c1a97e
      size: 2788
    hackage: bytestring-0.10.10.0@sha256:6031d86e4fd6419ad2ea05ecc008188dd64ed6c18f09556c86dd4c80d2a5f626,8961
- original:
    hackage: haskeline-0.8.1.1
  completed:
    pantry-tree:
      sha256: 38e3a32dea678bed9da7ae3a70fa371e130ea2c8666ab7b836172f6323d9f2ea
      size: 2955
    hackage: haskeline-0.8.1.1@sha256:21c0d6bd9f36a8b0cfbceab30820f4fe4ac72535c4d2cdf217123d816a4e494e,5818
- original:
    hackage: utf8-string-1.0.2
  completed:
    pantry-tree:
      sha256: 0863c3c9b6ee24dd38873c62e38ac46dd50aff2ea6b362beadf7f9b4a273c75f
      size: 601
    hackage: utf8-string-1.0.2@sha256:79416292186feeaf1f60e49ac5a1ffae9bf1b120e040a74bf0e81ca7f1d31d3f,1538
- original:
    hackage: binary-0.8.7.0
  completed:
    pantry-tree:
      sha256: 35e44b6d3ccf0d56fc5407dc3f0895e74696a66da189afbd65973c95743f5e25
      size: 1976
    hackage: binary-0.8.7.0@sha256:ae3e6cca723ac55c54bbb3fa771bcf18142bc727afd57818e66d6ee6c8044f12,7705
- original:
    hackage: pretty-1.1.3.6
  completed:
    pantry-tree:
      sha256: 9f62289797600d7121862309c306a3b495f872dccfe3d5c4bdeaf85d5ad12dd7
      size: 1308
    hackage: pretty-1.1.3.6@sha256:e16ffc733e816cfc09e99cc7f2398805f1f4c872d238a6b81668b5527284b382,2482
- original:
    hackage: io-streams-1.5.2.0@sha256:d610cef25b73a7d80a9d40a1e21fba74e97d4c2f78e97f92f7a286fd8a6c8ab5,9836
  completed:
    pantry-tree:
      sha256: d326ce043f718bdc9c31421d28f08442595c537d264f450a66a9400cd3c471e9
      size: 3465
    hackage: io-streams-1.5.2.0@sha256:d610cef25b73a7d80a9d40a1e21fba74e97d4c2f78e97f92f7a286fd8a6c8ab5,9836
- original:
    hackage: tcp-streams-1.0.1.1@sha256:35e9ecfa515797052f8c3c01834d2daebd5e93f3152c7fc98b32652bf6f0c052,2329
  completed:
    pantry-tree:
      sha256: 572071fca40a0b6c4cc950d10277a6f12e83cf4846882b6ef83fcccaa2c18c45
      size: 1004
    hackage: tcp-streams-1.0.1.1@sha256:35e9ecfa515797052f8c3c01834d2daebd5e93f3152c7fc98b32652bf6f0c052,2329
- original:
    hackage: wire-streams-0.1.1.0@sha256:08816c7fa53b20f52e5c465252c106d9de8e6d9580ec0b6d9f000a34c7bcefc8,2130
  completed:
    pantry-tree:
      sha256: c99a12bfcbeacc5da8f166fbed1eb105a45f08be1a3a071fe9f903b386b14e1d
      size: 506
    hackage: wire-streams-0.1.1.0@sha256:08816c7fa53b20f52e5c465252c106d9de8e6d9580ec0b6d9f000a34c7bcefc8,2130
